
Microsoft Visual Studio Solution File, Format Version 12.00
# Visual Studio Version 16
VisualStudioVersion = 16.0.31729.503
MinimumVisualStudioVersion = 10.0.40219.1
Project("{FAE04EC0-301F-11D3-BF4B-00C04F79EFBC}") = "StringCalculatorKata", "StringCalculatorKata\StringCalculatorKata.csproj", "{BF896D23-08FE-4806-A510-9C76D0A326C5}"
EndProject
Global
	GlobalSection(SolutionConfigurationPlatforms) = preSolution
		Debug|Any CPU = Debug|Any CPU
		Release|Any CPU = Release|Any CPU
	EndGlobalSection
	GlobalSection(ProjectConfigurationPlatforms) = postSolution
		{BF896D23-08FE-4806-A510-9C76D0A326C5}.Debug|Any CPU.ActiveCfg = Debug|Any CPU
		{BF896D23-08FE-4806-A510-9C76D0A326C5}.Debug|Any CPU.Build.0 = Debug|Any CPU
		{BF896D23-08FE-4806-A510-9C76D0A326C5}.Release|Any CPU.ActiveCfg = Release|Any CPU
		{BF896D23-08FE-4806-A510-9C76D0A326C5}.Release|Any CPU.Build.0 = Release|Any CPU
	EndGlobalSection
	GlobalSection(SolutionProperties) = preSolution
		HideSolutionNode = FALSE
	EndGlobalSection
	GlobalSection(ExtensibilityGlobals) = postSolution
		SolutionGuid = {AFF1B6DC-6A9B-46B3-B46F-0010207A67D6}
	EndGlobalSection
EndGlobal
